
Microsoft Visual Studio Solution File, Format Version 12.00
# Visual Studio Version 17
VisualStudioVersion = 17.5.33530.505
MinimumVisualStudioVersion = 10.0.40219.1
Project("{9A19103F-16F7-4668-BE54-9A1E7A4F7556}") = "FlightReservation", "FlightReservation.csproj", "{8D06F8DD-7B38-4462-BE89-30FE1F9EF72C}"
EndProject
Project("{9A19103F-16F7-4668-BE54-9A1E7A4F7556}") = "FlightReservation.UI", "..\FlightReservation.UI\FlightReservation.UI.csproj", "{78B46E2F-3607-4417-A0F4-054AB7774F65}"
EndProject
Project("{9A19103F-16F7-4668-BE54-9A1E7A4F7556}") = "FlightReservation.Common", "..\FlightReservation.Common\FlightReservation.Common.csproj", "{BCC3F71E-E2ED-437D-9503-C47A8A4689C9}"
EndProject
Project("{FAE04EC0-301F-11D3-BF4B-00C04F79EFBC}") = "FlightReservation.Common.Test", "..\FlightReservation.Common.Test\FlightReservation.Common.Test.csproj", "{F2FCE344-D12E-473C-973E-D41CA5F9E760}"
EndProject
Global
	GlobalSection(SolutionConfigurationPlatforms) = preSolution
		Debug|Any CPU = Debug|Any CPU
		Release|Any CPU = Release|Any CPU
	EndGlobalSection
	GlobalSection(ProjectConfigurationPlatforms) = postSolution
		{8D06F8DD-7B38-4462-BE89-30FE1F9EF72C}.Debug|Any CPU.ActiveCfg = Debug|Any CPU
		{8D06F8DD-7B38-4462-BE89-30FE1F9EF72C}.Debug|Any CPU.Build.0 = Debug|Any CPU
		{8D06F8DD-7B38-4462-BE89-30FE1F9EF72C}.Release|Any CPU.ActiveCfg = Release|Any CPU
		{8D06F8DD-7B38-4462-BE89-30FE1F9EF72C}.Release|Any CPU.Build.0 = Release|Any CPU
		{78B46E2F-3607-4417-A0F4-054AB7774F65}.Debug|Any CPU.ActiveCfg = Debug|Any CPU
		{78B46E2F-3607-4417-A0F4-054AB7774F65}.Debug|Any CPU.Build.0 = Debug|Any CPU
		{78B46E2F-3607-4417-A0F4-054AB7774F65}.Release|Any CPU.ActiveCfg = Release|Any CPU
		{78B46E2F-3607-4417-A0F4-054AB7774F65}.Release|Any CPU.Build.0 = Release|Any CPU
		{BCC3F71E-E2ED-437D-9503-C47A8A4689C9}.Debug|Any CPU.ActiveCfg = Debug|Any CPU
		{BCC3F71E-E2ED-437D-9503-C47A8A4689C9}.Debug|Any CPU.Build.0 = Debug|Any CPU
		{BCC3F71E-E2ED-437D-9503-C47A8A4689C9}.Release|Any CPU.ActiveCfg = Release|Any CPU
		{BCC3F71E-E2ED-437D-9503-C47A8A4689C9}.Release|Any CPU.Build.0 = Release|Any CPU
		{F2FCE344-D12E-473C-973E-D41CA5F9E760}.Debug|Any CPU.ActiveCfg = Debug|Any CPU
		{F2FCE344-D12E-473C-973E-D41CA5F9E760}.Debug|Any CPU.Build.0 = Debug|Any CPU
		{F2FCE344-D12E-473C-973E-D41CA5F9E760}.Release|Any CPU.ActiveCfg = Release|Any CPU
		{F2FCE344-D12E-473C-973E-D41CA5F9E760}.Release|Any CPU.Build.0 = Release|Any CPU
	EndGlobalSection
	GlobalSection(SolutionProperties) = preSolution
		HideSolutionNode = FALSE
	EndGlobalSection
	GlobalSection(ExtensibilityGlobals) = postSolution
		SolutionGuid = {B8CD4D9C-676C-44EB-A762-103DC3E69C3A}
	EndGlobalSection
EndGlobal
